
Microsoft Visual Studio Solution File, Format Version 12.00
# Visual Studio Version 17
VisualStudioVersion = 17.2.32630.192
MinimumVisualStudioVersion = 10.0.40219.1
Project("{FAE04EC0-301F-11D3-BF4B-00C04F79EFBC}") = "WebAppLibrary", "WebAppLibrary\WebAppLibrary.csproj", "{9B4BCC53-0152-4454-B63C-37745CCA2CA7}"
EndProject
Global
	GlobalSection(SolutionConfigurationPlatforms) = preSolution
		Debug|Any CPU = Debug|Any CPU
		Release|Any CPU = Release|Any CPU
	EndGlobalSection
	GlobalSection(ProjectConfigurationPlatforms) = postSolution
		{9B4BCC53-0152-4454-B63C-37745CCA2CA7}.Debug|Any CPU.ActiveCfg = Debug|Any CPU
		{9B4BCC53-0152-4454-B63C-37745CCA2CA7}.Debug|Any CPU.Build.0 = Debug|Any CPU
		{9B4BCC53-0152-4454-B63C-37745CCA2CA7}.Release|Any CPU.ActiveCfg = Release|Any CPU
		{9B4BCC53-0152-4454-B63C-37745CCA2CA7}.Release|Any CPU.Build.0 = Release|Any CPU
	EndGlobalSection
	GlobalSection(SolutionProperties) = preSolution
		HideSolutionNode = FALSE
	EndGlobalSection
	GlobalSection(ExtensibilityGlobals) = postSolution
		SolutionGuid = {B510E65D-D936-4AAA-ACE2-91B58C2B8BE2}
	EndGlobalSection
EndGlobal
